// !$*UTF8*$!
{
	archiveVersion = 1;
	classes = {
	};
	objectVersion = 46;
	objects = {

/* Begin PBXBuildFile section */
		571656651A09185500457F3E /* main.m in Sources */ = {isa = PBXBuildFile; fileRef = 571656641A09185500457F3E /* main.m */; };
		571656681A09185500457F3E /* AppDelegate.m in Sources */ = {isa = PBXBuildFile; fileRef = 571656671A09185500457F3E /* AppDelegate.m */; };
		5716566B1A09185600457F3E /* QuizMasterGame.xcdatamodeld in Sources */ = {isa = PBXBuildFile; fileRef = 571656691A09185600457F3E /* QuizMasterGame.xcdatamodeld */; };
		571656711A09185600457F3E /* Main.storyboard in Resources */ = {isa = PBXBuildFile; fileRef = 5716566F1A09185600457F3E /* Main.storyboard */; };
		571656731A09185600457F3E /* Images.xcassets in Resources */ = {isa = PBXBuildFile; fileRef = 571656721A09185600457F3E /* Images.xcassets */; };
		571656761A09185600457F3E /* LaunchScreen.xib in Resources */ = {isa = PBXBuildFile; fileRef = 571656741A09185600457F3E /* LaunchScreen.xib */; };
		571656821A09185600457F3E /* QuizMasterGameTests.m in Sources */ = {isa = PBXBuildFile; fileRef = 571656811A09185600457F3E /* QuizMasterGameTests.m */; };
		572E35031A0AAEE000337942 /* MainViewController.m in Sources */ = {isa = PBXBuildFile; fileRef = 572E35021A0AAEE000337942 /* MainViewController.m */; };
		572E35061A0AAF8D00337942 /* RegisterViewController.m in Sources */ = {isa = PBXBuildFile; fileRef = 572E35051A0AAF8D00337942 /* RegisterViewController.m */; };
		574C6A631A0BC7D000731A9B /* AudioController.m in Sources */ = {isa = PBXBuildFile; fileRef = 574C6A621A0BC7D000731A9B /* AudioController.m */; };
		574C6A6B1A0BE14300731A9B /* song.mp3 in Resources */ = {isa = PBXBuildFile; fileRef = 574C6A6A1A0BE14300731A9B /* song.mp3 */; };
		577BECB21A0B09E1001AA16D /* GameViewController.m in Sources */ = {isa = PBXBuildFile; fileRef = 577BECB11A0B09E1001AA16D /* GameViewController.m */; };
		5798E5B41A0A599300D02F40 /* background.jpg in Resources */ = {isa = PBXBuildFile; fileRef = 5798E5B31A0A599300D02F40 /* background.jpg */; };
		5798E5C21A0A71BF00D02F40 /* background-home-1.png in Resources */ = {isa = PBXBuildFile; fileRef = 5798E5C11A0A71BF00D02F40 /* background-home-1.png */; };
		5798E5C61A0A852C00D02F40 /* background-init.png in Resources */ = {isa = PBXBuildFile; fileRef = 5798E5C51A0A852C00D02F40 /* background-init.png */; };
		57E50BE11A0B9B9800F088E7 /* orange-button-hi.png in Resources */ = {isa = PBXBuildFile; fileRef = 57E50BDF1A0B9B9800F088E7 /* orange-button-hi.png */; };
		57E50BE21A0B9B9800F088E7 /* yellow-rectangle-button-hi.png in Resources */ = {isa = PBXBuildFile; fileRef = 57E50BE01A0B9B9800F088E7 /* yellow-rectangle-button-hi.png */; };
		57E50BE81A0B9E7400F088E7 /* glossy_button_blank_blue_rectangle_T.png in Resources */ = {isa = PBXBuildFile; fileRef = 57E50BE31A0B9E7400F088E7 /* glossy_button_blank_blue_rectangle_T.png */; };
		57E50BE91A0B9E7400F088E7 /* glossy_button_blank_aqua_rectangle_T.png in Resources */ = {isa = PBXBuildFile; fileRef = 57E50BE41A0B9E7400F088E7 /* glossy_button_blank_aqua_rectangle_T.png */; };
		57E50BEA1A0B9E7400F088E7 /* green-rectangle-button-hi.png in Resources */ = {isa = PBXBuildFile; fileRef = 57E50BE51A0B9E7400F088E7 /* green-rectangle-button-hi.png */; };
		57E50BEB1A0B9E7400F088E7 /* 15787_wpm_lowres.png in Resources */ = {isa = PBXBuildFile; fileRef = 57E50BE61A0B9E7400F088E7 /* 15787_wpm_lowres.png */; };
		57E50BEC1A0B9E7400F088E7 /* glossy_button_blank_green_rectangle.png in Resources */ = {isa = PBXBuildFile; fileRef = 57E50BE71A0B9E7400F088E7 /* glossy_button_blank_green_rectangle.png */; };
		6A3224EF48D9FE8B1C6FD90A /* libPods-QuizMasterGame.a in Frameworks */ = {isa = PBXBuildFile; fileRef = 41F6546A41807A0B720BD47E /* libPods-QuizMasterGame.a */; };
/* End PBXBuildFile section */

/* Begin PBXContainerItemProxy section */
		5716567C1A09185600457F3E /* PBXContainerItemProxy */ = {
			isa = PBXContainerItemProxy;
			containerPortal = 571656571A09185500457F3E /* Project object */;
			proxyType = 1;
			remoteGlobalIDString = 5716565E1A09185500457F3E;
			remoteInfo = QuizMasterGame;
		};
/* End PBXContainerItemProxy section */

/* Begin PBXFileReference section */
		32CAF7DB78E7350BAFB2E489 /* Pods-QuizMasterGame.debug.xcconfig */ = {isa = PBXFileReference; includeInIndex = 1; lastKnownFileType = text.xcconfig; name = "Pods-QuizMasterGame.debug.xcconfig"; path = "Pods/Target Support Files/Pods-QuizMasterGame/Pods-QuizMasterGame.debug.xcconfig"; sourceTree = "<group>"; };
		41F6546A41807A0B720BD47E /* libPods-QuizMasterGame.a */ = {isa = PBXFileReference; explicitFileType = archive.ar; includeInIndex = 0; path = "libPods-QuizMasterGame.a"; sourceTree = BUILT_PRODUCTS_DIR; };
		5716565F1A09185500457F3E /* QuizMasterGame.app */ = {isa = PBXFileReference; explicitFileType = wrapper.application; includeInIndex = 0; path = QuizMasterGame.app; sourceTree = BUILT_PRODUCTS_DIR; };
		571656631A09185500457F3E /* Info.plist */ = {isa = PBXFileReference; lastKnownFileType = text.plist.xml; path = Info.plist; sourceTree = "<group>"; };
		571656641A09185500457F3E /* main.m */ = {isa = PBXFileReference; lastKnownFileType = sourcecode.c.objc; path = main.m; sourceTree = "<group>"; };
		571656661A09185500457F3E /* AppDelegate.h */ = {isa = PBXFileReference; lastKnownFileType = sourcecode.c.h; path = AppDelegate.h; sourceTree = "<group>"; };
		571656671A09185500457F3E /* AppDelegate.m */ = {isa = PBXFileReference; lastKnownFileType = sourcecode.c.objc; path = AppDelegate.m; sourceTree = "<group>"; };
		5716566A1A09185600457F3E /* QuizMasterGame.xcdatamodel */ = {isa = PBXFileReference; lastKnownFileType = wrapper.xcdatamodel; path = QuizMasterGame.xcdatamodel; sourceTree = "<group>"; };
		571656701A09185600457F3E /* Base */ = {isa = PBXFileReference; lastKnownFileType = file.storyboard; name = Base; path = Base.lproj/Main.storyboard; sourceTree = "<group>"; };
		571656721A09185600457F3E /* Images.xcassets */ = {isa = PBXFileReference; lastKnownFileType = folder.assetcatalog; path = Images.xcassets; sourceTree = "<group>"; };
		571656751A09185600457F3E /* Base */ = {isa = PBXFileReference; lastKnownFileType = file.xib; name = Base; path = Base.lproj/LaunchScreen.xib; sourceTree = "<group>"; };
		5716567B1A09185600457F3E /* QuizMasterGameTests.xctest */ = {isa = PBXFileReference; explicitFileType = wrapper.cfbundle; includeInIndex = 0; path = QuizMasterGameTests.xctest; sourceTree = BUILT_PRODUCTS_DIR; };
		571656801A09185600457F3E /* Info.plist */ = {isa = PBXFileReference; lastKnownFileType = text.plist.xml; path = Info.plist; sourceTree = "<group>"; };
		571656811A09185600457F3E /* QuizMasterGameTests.m */ = {isa = PBXFileReference; lastKnownFileType = sourcecode.c.objc; path = QuizMasterGameTests.m; sourceTree = "<group>"; };
		572E35011A0AAEE000337942 /* MainViewController.h */ = {isa = PBXFileReference; fileEncoding = 4; lastKnownFileType = sourcecode.c.h; path = MainViewController.h; sourceTree = "<group>"; };
		572E35021A0AAEE000337942 /* MainViewController.m */ = {isa = PBXFileReference; fileEncoding = 4; lastKnownFileType = sourcecode.c.objc; path = MainViewController.m; sourceTree = "<group>"; };
		572E35041A0AAF8D00337942 /* RegisterViewController.h */ = {isa = PBXFileReference; fileEncoding = 4; lastKnownFileType = sourcecode.c.h; path = RegisterViewController.h; sourceTree = "<group>"; };
		572E35051A0AAF8D00337942 /* RegisterViewController.m */ = {isa = PBXFileReference; fileEncoding = 4; lastKnownFileType = sourcecode.c.objc; path = RegisterViewController.m; sourceTree = "<group>"; };
		574C6A611A0BC7D000731A9B /* AudioController.h */ = {isa = PBXFileReference; fileEncoding = 4; lastKnownFileType = sourcecode.c.h; path = AudioController.h; sourceTree = "<group>"; };
		574C6A621A0BC7D000731A9B /* AudioController.m */ = {isa = PBXFileReference; fileEncoding = 4; lastKnownFileType = sourcecode.c.objc; path = AudioController.m; sourceTree = "<group>"; };
		574C6A6A1A0BE14300731A9B /* song.mp3 */ = {isa = PBXFileReference; lastKnownFileType = audio.mp3; path = song.mp3; sourceTree = "<group>"; };
		577BECB01A0B09E1001AA16D /* GameViewController.h */ = {isa = PBXFileReference; fileEncoding = 4; lastKnownFileType = sourcecode.c.h; path = GameViewController.h; sourceTree = "<group>"; };
		577BECB11A0B09E1001AA16D /* GameViewController.m */ = {isa = PBXFileReference; fileEncoding = 4; lastKnownFileType = sourcecode.c.objc; path = GameViewController.m; sourceTree = "<group>"; };
		5798E5B31A0A599300D02F40 /* background.jpg */ = {isa = PBXFileReference; lastKnownFileType = image.jpeg; path = background.jpg; sourceTree = "<group>"; };
		5798E5C11A0A71BF00D02F40 /* background-home-1.png */ = {isa = PBXFileReference; lastKnownFileType = image.png; path = "background-home-1.png"; sourceTree = "<group>"; };
		5798E5C51A0A852C00D02F40 /* background-init.png */ = {isa = PBXFileReference; lastKnownFileType = image.png; path = "background-init.png"; sourceTree = "<group>"; };
		57E50BDF1A0B9B9800F088E7 /* orange-button-hi.png */ = {isa = PBXFileReference; lastKnownFileType = image.png; path = "orange-button-hi.png"; sourceTree = "<group>"; };
		57E50BE01A0B9B9800F088E7 /* yellow-rectangle-button-hi.png */ = {isa = PBXFileReference; lastKnownFileType = image.png; path = "yellow-rectangle-button-hi.png"; sourceTree = "<group>"; };
		57E50BE31A0B9E7400F088E7 /* glossy_button_blank_blue_rectangle_T.png */ = {isa = PBXFileReference; lastKnownFileType = image.png; path = glossy_button_blank_blue_rectangle_T.png; sourceTree = "<group>"; };
		57E50BE41A0B9E7400F088E7 /* glossy_button_blank_aqua_rectangle_T.png */ = {isa = PBXFileReference; lastKnownFileType = image.png; path = glossy_button_blank_aqua_rectangle_T.png; sourceTree = "<group>"; };
		57E50BE51A0B9E7400F088E7 /* green-rectangle-button-hi.png */ = {isa = PBXFileReference; lastKnownFileType = image.png; path = "green-rectangle-button-hi.png"; sourceTree = "<group>"; };
		57E50BE61A0B9E7400F088E7 /* 15787_wpm_lowres.png */ = {isa = PBXFileReference; lastKnownFileType = image.png; path = 15787_wpm_lowres.png; sourceTree = "<group>"; };
		57E50BE71A0B9E7400F088E7 /* glossy_button_blank_green_rectangle.png */ = {isa = PBXFileReference; lastKnownFileType = image.png; path = glossy_button_blank_green_rectangle.png; sourceTree = "<group>"; };
		CFFDFA9407BED7B4125EBD0C /* Pods-QuizMasterGame.release.xcconfig */ = {isa = PBXFileReference; includeInIndex = 1; lastKnownFileType = text.xcconfig; name = "Pods-QuizMasterGame.release.xcconfig"; path = "Pods/Target Support Files/Pods-QuizMasterGame/Pods-QuizMasterGame.release.xcconfig"; sourceTree = "<group>"; };
/* End PBXFileReference section */

/* Begin PBXFrameworksBuildPhase section */
		5716565C1A09185500457F3E /* Frameworks */ = {
			isa = PBXFrameworksBuildPhase;
			buildActionMask = 2147483647;
			files = (
				6A3224EF48D9FE8B1C6FD90A /* libPods-QuizMasterGame.a in Frameworks */,
			);
			runOnlyForDeploymentPostprocessing = 0;
		};
		571656781A09185600457F3E /* Frameworks */ = {
			isa = PBXFrameworksBuildPhase;
			buildActionMask = 2147483647;
			files = (
			);
			runOnlyForDeploymentPostprocessing = 0;
		};
/* End PBXFrameworksBuildPhase section */

/* Begin PBXGroup section */
		22D0A8273C7F8D0BEDB54111 /* Frameworks */ = {
			isa = PBXGroup;
			children = (
				41F6546A41807A0B720BD47E /* libPods-QuizMasterGame.a */,
			);
			name = Frameworks;
			sourceTree = "<group>";
		};
		571656561A09185500457F3E = {
			isa = PBXGroup;
			children = (
				574C6A691A0BE0D800731A9B /* Resources */,
				571656611A09185500457F3E /* QuizMasterGame */,
				5716567E1A09185600457F3E /* QuizMasterGameTests */,
				571656601A09185500457F3E /* Products */,
				BF0E8BDE15B917F162AA1EC6 /* Pods */,
				22D0A8273C7F8D0BEDB54111 /* Frameworks */,
			);
			sourceTree = "<group>";
		};
		571656601A09185500457F3E /* Products */ = {
			isa = PBXGroup;
			children = (
				5716565F1A09185500457F3E /* QuizMasterGame.app */,
				5716567B1A09185600457F3E /* QuizMasterGameTests.xctest */,
			);
			name = Products;
			sourceTree = "<group>";
		};
		571656611A09185500457F3E /* QuizMasterGame */ = {
			isa = PBXGroup;
			children = (
				574C6A601A0BC77A00731A9B /* Controllers */,
				57E50BED1A0BB47800F088E7 /* Music */,
				572E35001A0AAE5000337942 /* ViewModels */,
				5798E5AC1A0A4B6F00D02F40 /* Images */,
				571656661A09185500457F3E /* AppDelegate.h */,
				571656671A09185500457F3E /* AppDelegate.m */,
				5716566F1A09185600457F3E /* Main.storyboard */,
				571656721A09185600457F3E /* Images.xcassets */,
				571656741A09185600457F3E /* LaunchScreen.xib */,
				571656691A09185600457F3E /* QuizMasterGame.xcdatamodeld */,
				571656621A09185500457F3E /* Supporting Files */,
			);
			path = QuizMasterGame;
			sourceTree = "<group>";
		};
		571656621A09185500457F3E /* Supporting Files */ = {
			isa = PBXGroup;
			children = (
				571656631A09185500457F3E /* Info.plist */,
				571656641A09185500457F3E /* main.m */,
			);
			name = "Supporting Files";
			sourceTree = "<group>";
		};
		5716567E1A09185600457F3E /* QuizMasterGameTests */ = {
			isa = PBXGroup;
			children = (
				571656811A09185600457F3E /* QuizMasterGameTests.m */,
				5716567F1A09185600457F3E /* Supporting Files */,
			);
			path = QuizMasterGameTests;
			sourceTree = "<group>";
		};
		5716567F1A09185600457F3E /* Supporting Files */ = {
			isa = PBXGroup;
			children = (
				571656801A09185600457F3E /* Info.plist */,
			);
			name = "Supporting Files";
			sourceTree = "<group>";
		};
		572E35001A0AAE5000337942 /* ViewModels */ = {
			isa = PBXGroup;
			children = (
				572E35011A0AAEE000337942 /* MainViewController.h */,
				572E35021A0AAEE000337942 /* MainViewController.m */,
				572E35041A0AAF8D00337942 /* RegisterViewController.h */,
				572E35051A0AAF8D00337942 /* RegisterViewController.m */,
				577BECB01A0B09E1001AA16D /* GameViewController.h */,
				577BECB11A0B09E1001AA16D /* GameViewController.m */,
			);
			name = ViewModels;
			sourceTree = "<group>";
		};
		574C6A601A0BC77A00731A9B /* Controllers */ = {
			isa = PBXGroup;
			children = (
				574C6A611A0BC7D000731A9B /* AudioController.h */,
				574C6A621A0BC7D000731A9B /* AudioController.m */,
			);
			name = Controllers;
			sourceTree = "<group>";
		};
		574C6A691A0BE0D800731A9B /* Resources */ = {
			isa = PBXGroup;
			children = (
				574C6A6A1A0BE14300731A9B /* song.mp3 */,
			);
			name = Resources;
			sourceTree = "<group>";
		};
		5798E5AC1A0A4B6F00D02F40 /* Images */ = {
			isa = PBXGroup;
			children = (
				57E50BE31A0B9E7400F088E7 /* glossy_button_blank_blue_rectangle_T.png */,
				57E50BE41A0B9E7400F088E7 /* glossy_button_blank_aqua_rectangle_T.png */,
				57E50BE51A0B9E7400F088E7 /* green-rectangle-button-hi.png */,
				57E50BE61A0B9E7400F088E7 /* 15787_wpm_lowres.png */,
				57E50BE71A0B9E7400F088E7 /* glossy_button_blank_green_rectangle.png */,
				57E50BDF1A0B9B9800F088E7 /* orange-button-hi.png */,
				57E50BE01A0B9B9800F088E7 /* yellow-rectangle-button-hi.png */,
				5798E5C51A0A852C00D02F40 /* background-init.png */,
				5798E5C11A0A71BF00D02F40 /* background-home-1.png */,
				5798E5B31A0A599300D02F40 /* background.jpg */,
			);
			name = Images;
			sourceTree = "<group>";
		};
		57E50BED1A0BB47800F088E7 /* Music */ = {
			isa = PBXGroup;
			children = (
			);
			name = Music;
			sourceTree = "<group>";
		};
		BF0E8BDE15B917F162AA1EC6 /* Pods */ = {
			isa = PBXGroup;
			children = (
				32CAF7DB78E7350BAFB2E489 /* Pods-QuizMasterGame.debug.xcconfig */,
				CFFDFA9407BED7B4125EBD0C /* Pods-QuizMasterGame.release.xcconfig */,
			);
			name = Pods;
			sourceTree = "<group>";
		};
/* End PBXGroup section */

/* Begin PBXNativeTarget section */
		5716565E1A09185500457F3E /* QuizMasterGame */ = {
			isa = PBXNativeTarget;
			buildConfigurationList = 571656851A09185600457F3E /* Build configuration list for PBXNativeTarget "QuizMasterGame" */;
			buildPhases = (
				9B473B1A76C6867ADBE3E580 /* Check Pods Manifest.lock */,
				5716565B1A09185500457F3E /* Sources */,
				5716565C1A09185500457F3E /* Frameworks */,
				5716565D1A09185500457F3E /* Resources */,
				8FAEBF9896944A793826AB6D /* Copy Pods Resources */,
			);
			buildRules = (
			);
			dependencies = (
			);
			name = QuizMasterGame;
			productName = QuizMasterGame;
			productReference = 5716565F1A09185500457F3E /* QuizMasterGame.app */;
			productType = "com.apple.product-type.application";
		};
		5716567A1A09185600457F3E /* QuizMasterGameTests */ = {
			isa = PBXNativeTarget;
			buildConfigurationList = 571656881A09185600457F3E /* Build configuration list for PBXNativeTarget "QuizMasterGameTests" */;
			buildPhases = (
				571656771A09185600457F3E /* Sources */,
				571656781A09185600457F3E /* Frameworks */,
				571656791A09185600457F3E /* Resources */,
			);
			buildRules = (
			);
			dependencies = (
				5716567D1A09185600457F3E /* PBXTargetDependency */,
			);
			name = QuizMasterGameTests;
			productName = QuizMasterGameTests;
			productReference = 5716567B1A09185600457F3E /* QuizMasterGameTests.xctest */;
			productType = "com.apple.product-type.bundle.unit-test";
		};
/* End PBXNativeTarget section */

/* Begin PBXProject section */
		571656571A09185500457F3E /* Project object */ = {
			isa = PBXProject;
			attributes = {
				LastUpgradeCheck = 0610;
				ORGANIZATIONNAME = PauloCoelho;
				TargetAttributes = {
					5716565E1A09185500457F3E = {
						CreatedOnToolsVersion = 6.1;
					};
					5716567A1A09185600457F3E = {
						CreatedOnToolsVersion = 6.1;
						TestTargetID = 5716565E1A09185500457F3E;
					};
				};
			};
			buildConfigurationList = 5716565A1A09185500457F3E /* Build configuration list for PBXProject "QuizMasterGame" */;
			compatibilityVersion = "Xcode 3.2";
			developmentRegion = English;
			hasScannedForEncodings = 0;
			knownRegions = (
				en,
				Base,
			);
			mainGroup = 571656561A09185500457F3E;
			productRefGroup = 571656601A09185500457F3E /* Products */;
			projectDirPath = "";
			projectRoot = "";
			targets = (
				5716565E1A09185500457F3E /* QuizMasterGame */,
				5716567A1A09185600457F3E /* QuizMasterGameTests */,
			);
		};
/* End PBXProject section */

/* Begin PBXResourcesBuildPhase section */
		5716565D1A09185500457F3E /* Resources */ = {
			isa = PBXResourcesBuildPhase;
			buildActionMask = 2147483647;
			files = (
				5798E5B41A0A599300D02F40 /* background.jpg in Resources */,
				571656711A09185600457F3E /* Main.storyboard in Resources */,
				57E50BEA1A0B9E7400F088E7 /* green-rectangle-button-hi.png in Resources */,
				574C6A6B1A0BE14300731A9B /* song.mp3 in Resources */,
				57E50BE11A0B9B9800F088E7 /* orange-button-hi.png in Resources */,
				5798E5C21A0A71BF00D02F40 /* background-home-1.png in Resources */,
				57E50BEC1A0B9E7400F088E7 /* glossy_button_blank_green_rectangle.png in Resources */,
				57E50BEB1A0B9E7400F088E7 /* 15787_wpm_lowres.png in Resources */,
				571656761A09185600457F3E /* LaunchScreen.xib in Resources */,
				571656731A09185600457F3E /* Images.xcassets in Resources */,
				57E50BE21A0B9B9800F088E7 /* yellow-rectangle-button-hi.png in Resources */,
				57E50BE81A0B9E7400F088E7 /* glossy_button_blank_blue_rectangle_T.png in Resources */,
				57E50BE91A0B9E7400F088E7 /* glossy_button_blank_aqua_rectangle_T.png in Resources */,
				5798E5C61A0A852C00D02F40 /* background-init.png in Resources */,
			);
			runOnlyForDeploymentPostprocessing = 0;
		};
		571656791A09185600457F3E /* Resources */ = {
			isa = PBXResourcesBuildPhase;
			buildActionMask = 2147483647;
			files = (
			);
			runOnlyForDeploymentPostprocessing = 0;
		};
/* End PBXResourcesBuildPhase section */

/* Begin PBXShellScriptBuildPhase section */
		8FAEBF9896944A793826AB6D /* Copy Pods Resources */ = {
			isa = PBXShellScriptBuildPhase;
			buildActionMask = 2147483647;
			files = (
			);
			inputPaths = (
			);
			name = "Copy Pods Resources";
			outputPaths = (
			);
			runOnlyForDeploymentPostprocessing = 0;
			shellPath = /bin/sh;
			shellScript = "\"${SRCROOT}/Pods/Target Support Files/Pods-QuizMasterGame/Pods-QuizMasterGame-resources.sh\"\n";
			showEnvVarsInLog = 0;
		};
		9B473B1A76C6867ADBE3E580 /* Check Pods Manifest.lock */ = {
			isa = PBXShellScriptBuildPhase;
			buildActionMask = 2147483647;
			files = (
			);
			inputPaths = (
			);
			name = "Check Pods Manifest.lock";
			outputPaths = (
			);
			runOnlyForDeploymentPostprocessing = 0;
			shellPath = /bin/sh;
			shellScript = "diff \"${PODS_ROOT}/../Podfile.lock\" \"${PODS_ROOT}/Manifest.lock\" > /dev/null\nif [[ $? != 0 ]] ; then\n    cat << EOM\nerror: The sandbox is not in sync with the Podfile.lock. Run 'pod install' or update your CocoaPods installation.\nEOM\n    exit 1\nfi\n";
			showEnvVarsInLog = 0;
		};
/* End PBXShellScriptBuildPhase section */

/* Begin PBXSourcesBuildPhase section */
		5716565B1A09185500457F3E /* Sources */ = {
			isa = PBXSourcesBuildPhase;
			buildActionMask = 2147483647;
			files = (
				572E35061A0AAF8D00337942 /* RegisterViewController.m in Sources */,
				571656681A09185500457F3E /* AppDelegate.m in Sources */,
				571656651A09185500457F3E /* main.m in Sources */,
				5716566B1A09185600457F3E /* QuizMasterGame.xcdatamodeld in Sources */,
				574C6A631A0BC7D000731A9B /* AudioController.m in Sources */,
				577BECB21A0B09E1001AA16D /* GameViewController.m in Sources */,
				572E35031A0AAEE000337942 /* MainViewController.m in Sources */,
			);
			runOnlyForDeploymentPostprocessing = 0;
		};
		571656771A09185600457F3E /* Sources */ = {
			isa = PBXSourcesBuildPhase;
			buildActionMask = 2147483647;
			files = (
				571656821A09185600457F3E /* QuizMasterGameTests.m in Sources */,
			);
			runOnlyForDeploymentPostprocessing = 0;
		};
/* End PBXSourcesBuildPhase section */

/* Begin PBXTargetDependency section */
		5716567D1A09185600457F3E /* PBXTargetDependency */ = {
			isa = PBXTargetDependency;
			target = 5716565E1A09185500457F3E /* QuizMasterGame */;
			targetProxy = 5716567C1A09185600457F3E /* PBXContainerItemProxy */;
		};
/* End PBXTargetDependency section */

/* Begin PBXVariantGroup section */
		5716566F1A09185600457F3E /* Main.storyboard */ = {
			isa = PBXVariantGroup;
			children = (
				571656701A09185600457F3E /* Base */,
			);
			name = Main.storyboard;
			sourceTree = "<group>";
		};
		571656741A09185600457F3E /* LaunchScreen.xib */ = {
			isa = PBXVariantGroup;
			children = (
				571656751A09185600457F3E /* Base */,
			);
			name = LaunchScreen.xib;
			sourceTree = "<group>";
		};
/* End PBXVariantGroup section */

/* Begin XCBuildConfiguration section */
		571656831A09185600457F3E /* Debug */ = {
			isa = XCBuildConfiguration;
			buildSettings = {
				ALWAYS_SEARCH_USER_PATHS = NO;
				CLANG_CXX_LANGUAGE_STANDARD = "gnu++0x";
				CLANG_CXX_LIBRARY = "libc++";
				CLANG_ENABLE_MODULES = YES;
				CLANG_ENABLE_OBJC_ARC = YES;
				CLANG_WARN_BOOL_CONVERSION = YES;
				CLANG_WARN_CONSTANT_CONVERSION = YES;
				CLANG_WARN_DIRECT_OBJC_ISA_USAGE = YES_ERROR;
				CLANG_WARN_EMPTY_BODY = YES;
				CLANG_WARN_ENUM_CONVERSION = YES;
				CLANG_WARN_INT_CONVERSION = YES;
				CLANG_WARN_OBJC_ROOT_CLASS = YES_ERROR;
				CLANG_WARN_UNREACHABLE_CODE = YES;
				CLANG_WARN__DUPLICATE_METHOD_MATCH = YES;
				"CODE_SIGN_IDENTITY[sdk=iphoneos*]" = "iPhone Developer";
				COPY_PHASE_STRIP = NO;
				ENABLE_STRICT_OBJC_MSGSEND = YES;
				GCC_C_LANGUAGE_STANDARD = gnu99;
				GCC_DYNAMIC_NO_PIC = NO;
				GCC_OPTIMIZATION_LEVEL = 0;
				GCC_PREPROCESSOR_DEFINITIONS = (
					"DEBUG=1",
					"$(inherited)",
				);
				GCC_SYMBOLS_PRIVATE_EXTERN = NO;
				GCC_WARN_64_TO_32_BIT_CONVERSION = YES;
				GCC_WARN_ABOUT_RETURN_TYPE = YES_ERROR;
				GCC_WARN_UNDECLARED_SELECTOR = YES;
				GCC_WARN_UNINITIALIZED_AUTOS = YES_AGGRESSIVE;
				GCC_WARN_UNUSED_FUNCTION = YES;
				GCC_WARN_UNUSED_VARIABLE = YES;
				IPHONEOS_DEPLOYMENT_TARGET = 8.1;
				MTL_ENABLE_DEBUG_INFO = YES;
				ONLY_ACTIVE_ARCH = YES;
				SDKROOT = iphoneos;
				TARGETED_DEVICE_FAMILY = "1,2";
			};
			name = Debug;
		};
		571656841A09185600457F3E /* Release */ = {
			isa = XCBuildConfiguration;
			buildSettings = {
				ALWAYS_SEARCH_USER_PATHS = NO;
				CLANG_CXX_LANGUAGE_STANDARD = "gnu++0x";
				CLANG_CXX_LIBRARY = "libc++";
				CLANG_ENABLE_MODULES = YES;
				CLANG_ENABLE_OBJC_ARC = YES;
				CLANG_WARN_BOOL_CONVERSION = YES;
				CLANG_WARN_CONSTANT_CONVERSION = YES;
				CLANG_WARN_DIRECT_OBJC_ISA_USAGE = YES_ERROR;
				CLANG_WARN_EMPTY_BODY = YES;
				CLANG_WARN_ENUM_CONVERSION = YES;
				CLANG_WARN_INT_CONVERSION = YES;
				CLANG_WARN_OBJC_ROOT_CLASS = YES_ERROR;
				CLANG_WARN_UNREACHABLE_CODE = YES;
				CLANG_WARN__DUPLICATE_METHOD_MATCH = YES;
				"CODE_SIGN_IDENTITY[sdk=iphoneos*]" = "iPhone Developer";
				COPY_PHASE_STRIP = YES;
				ENABLE_NS_ASSERTIONS = NO;
				ENABLE_STRICT_OBJC_MSGSEND = YES;
				GCC_C_LANGUAGE_STANDARD = gnu99;
				GCC_WARN_64_TO_32_BIT_CONVERSION = YES;
				GCC_WARN_ABOUT_RETURN_TYPE = YES_ERROR;
				GCC_WARN_UNDECLARED_SELECTOR = YES;
				GCC_WARN_UNINITIALIZED_AUTOS = YES_AGGRESSIVE;
				GCC_WARN_UNUSED_FUNCTION = YES;
				GCC_WARN_UNUSED_VARIABLE = YES;
				IPHONEOS_DEPLOYMENT_TARGET = 8.1;
				MTL_ENABLE_DEBUG_INFO = NO;
				SDKROOT = iphoneos;
				TARGETED_DEVICE_FAMILY = "1,2";
				VALIDATE_PRODUCT = YES;
			};
			name = Release;
		};
		571656861A09185600457F3E /* Debug */ = {
			isa = XCBuildConfiguration;
			baseConfigurationReference = 32CAF7DB78E7350BAFB2E489 /* Pods-QuizMasterGame.debug.xcconfig */;
			buildSettings = {
				ASSETCATALOG_COMPILER_APPICON_NAME = AppIcon;
				INFOPLIST_FILE = QuizMasterGame/Info.plist;
				LD_RUNPATH_SEARCH_PATHS = "$(inherited) @executable_path/Frameworks";
				ONLY_ACTIVE_ARCH = YES;
				PRODUCT_NAME = "$(TARGET_NAME)";
				VALID_ARCHS = "arm64 armv7 armv7s";
			};
			name = Debug;
		};
		571656871A09185600457F3E /* Release */ = {
			isa = XCBuildConfiguration;
			baseConfigurationReference = CFFDFA9407BED7B4125EBD0C /* Pods-QuizMasterGame.release.xcconfig */;
			buildSettings = {
				ASSETCATALOG_COMPILER_APPICON_NAME = AppIcon;
				INFOPLIST_FILE = QuizMasterGame/Info.plist;
				LD_RUNPATH_SEARCH_PATHS = "$(inherited) @executable_path/Frameworks";
				PRODUCT_NAME = "$(TARGET_NAME)";
				VALID_ARCHS = "arm64 armv7 armv7s";
			};
			name = Release;
		};
		571656891A09185600457F3E /* Debug */ = {
			isa = XCBuildConfiguration;
			buildSettings = {
				BUNDLE_LOADER = "$(TEST_HOST)";
				FRAMEWORK_SEARCH_PATHS = (
					"$(SDKROOT)/Developer/Library/Frameworks",
					"$(inherited)",
				);
				GCC_PREPROCESSOR_DEFINITIONS = (
					"DEBUG=1",
					"$(inherited)",
				);
				INFOPLIST_FILE = QuizMasterGameTests/Info.plist;
				LD_RUNPATH_SEARCH_PATHS = "$(inherited) @executable_path/Frameworks @loader_path/Frameworks";
				PRODUCT_NAME = "$(TARGET_NAME)";
				TEST_HOST = "$(BUILT_PRODUCTS_DIR)/QuizMasterGame.app/QuizMasterGame";
			};
			name = Debug;
		};
		5716568A1A09185600457F3E /* Release */ = {
			isa = XCBuildConfiguration;
			buildSettings = {
				BUNDLE_LOADER = "$(TEST_HOST)";
				FRAMEWORK_SEARCH_PATHS = (
					"$(SDKROOT)/Developer/Library/Frameworks",
					"$(inherited)",
				);
				INFOPLIST_FILE = QuizMasterGameTests/Info.plist;
				LD_RUNPATH_SEARCH_PATHS = "$(inherited) @executable_path/Frameworks @loader_path/Frameworks";
				PRODUCT_NAME = "$(TARGET_NAME)";
				TEST_HOST = "$(BUILT_PRODUCTS_DIR)/QuizMasterGame.app/QuizMasterGame";
			};
			name = Release;
		};
/* End XCBuildConfiguration section */

/* Begin XCConfigurationList section */
		5716565A1A09185500457F3E /* Build configuration list for PBXProject "QuizMasterGame" */ = {
			isa = XCConfigurationList;
			buildConfigurations = (
				571656831A09185600457F3E /* Debug */,
				571656841A09185600457F3E /* Release */,
			);
			defaultConfigurationIsVisible = 0;
			defaultConfigurationName = Release;
		};
		571656851A09185600457F3E /* Build configuration list for PBXNativeTarget "QuizMasterGame" */ = {
			isa = XCConfigurationList;
			buildConfigurations = (
				571656861A09185600457F3E /* Debug */,
				571656871A09185600457F3E /* Release */,
			);
			defaultConfigurationIsVisible = 0;
			defaultConfigurationName = Release;
		};
		571656881A09185600457F3E /* Build configuration list for PBXNativeTarget "QuizMasterGameTests" */ = {
			isa = XCConfigurationList;
			buildConfigurations = (
				571656891A09185600457F3E /* Debug */,
				5716568A1A09185600457F3E /* Release */,
			);
			defaultConfigurationIsVisible = 0;
			defaultConfigurationName = Release;
		};
/* End XCConfigurationList section */

/* Begin XCVersionGroup section */
		571656691A09185600457F3E /* QuizMasterGame.xcdatamodeld */ = {
			isa = XCVersionGroup;
			children = (
				5716566A1A09185600457F3E /* QuizMasterGame.xcdatamodel */,
			);
			currentVersion = 5716566A1A09185600457F3E /* QuizMasterGame.xcdatamodel */;
			path = QuizMasterGame.xcdatamodeld;
			sourceTree = "<group>";
			versionGroupType = wrapper.xcdatamodel;
		};
/* End XCVersionGroup section */
	};
	rootObject = 571656571A09185500457F3E /* Project object */;
}
